
Microsoft Visual Studio Solution File, Format Version 12.00
# Visual Studio Version 17
VisualStudioVersion = 17.7.34031.279
MinimumVisualStudioVersion = 10.0.40219.1
Project("{FAE04EC0-301F-11D3-BF4B-00C04F79EFBC}") = "Gestor_De _Articulos_Web", "Gestor_De _Articulos_Web\Gestor_De _Articulos_Web.csproj", "{DA72E5FF-3C6C-4CD9-8AD9-A01ECD67B87C}"
EndProject
Project("{FAE04EC0-301F-11D3-BF4B-00C04F79EFBC}") = "dominio", "dominio\dominio.csproj", "{2ECEBD17-6A06-4594-8196-6A3B5D19F457}"
EndProject
Project("{FAE04EC0-301F-11D3-BF4B-00C04F79EFBC}") = "manager", "manager\manager.csproj", "{7F7FBA92-72E8-4CBE-AFB6-B892C3334D6A}"
EndProject
Global
	GlobalSection(SolutionConfigurationPlatforms) = preSolution
		Debug|Any CPU = Debug|Any CPU
		Release|Any CPU = Release|Any CPU
	EndGlobalSection
	GlobalSection(ProjectConfigurationPlatforms) = postSolution
		{DA72E5FF-3C6C-4CD9-8AD9-A01ECD67B87C}.Debug|Any CPU.ActiveCfg = Debug|Any CPU
		{DA72E5FF-3C6C-4CD9-8AD9-A01ECD67B87C}.Debug|Any CPU.Build.0 = Debug|Any CPU
		{DA72E5FF-3C6C-4CD9-8AD9-A01ECD67B87C}.Release|Any CPU.ActiveCfg = Release|Any CPU
		{DA72E5FF-3C6C-4CD9-8AD9-A01ECD67B87C}.Release|Any CPU.Build.0 = Release|Any CPU
		{2ECEBD17-6A06-4594-8196-6A3B5D19F457}.Debug|Any CPU.ActiveCfg = Debug|Any CPU
		{2ECEBD17-6A06-4594-8196-6A3B5D19F457}.Debug|Any CPU.Build.0 = Debug|Any CPU
		{2ECEBD17-6A06-4594-8196-6A3B5D19F457}.Release|Any CPU.ActiveCfg = Release|Any CPU
		{2ECEBD17-6A06-4594-8196-6A3B5D19F457}.Release|Any CPU.Build.0 = Release|Any CPU
		{7F7FBA92-72E8-4CBE-AFB6-B892C3334D6A}.Debug|Any CPU.ActiveCfg = Debug|Any CPU
		{7F7FBA92-72E8-4CBE-AFB6-B892C3334D6A}.Debug|Any CPU.Build.0 = Debug|Any CPU
		{7F7FBA92-72E8-4CBE-AFB6-B892C3334D6A}.Release|Any CPU.ActiveCfg = Release|Any CPU
		{7F7FBA92-72E8-4CBE-AFB6-B892C3334D6A}.Release|Any CPU.Build.0 = Release|Any CPU
	EndGlobalSection
	GlobalSection(SolutionProperties) = preSolution
		HideSolutionNode = FALSE
	EndGlobalSection
	GlobalSection(ExtensibilityGlobals) = postSolution
		SolutionGuid = {B355A25E-AE8D-4EA4-9F58-DE6B38C1BE16}
	EndGlobalSection
EndGlobal
